
Microsoft Visual Studio Solution File, Format Version 12.00
# Visual Studio 15
VisualStudioVersion = 15.0.27004.2010
MinimumVisualStudioVersion = 10.0.40219.1
Project("{FAE04EC0-301F-11D3-BF4B-00C04F79EFBC}") = "AMBarcodeScanner.Android", "AMBarcodeScanner\AMBarcodeScanner.Android\AMBarcodeScanner.Android.csproj", "{7B35422A-8782-48BF-B2E6-9DC978E62592}"
EndProject
Project("{FAE04EC0-301F-11D3-BF4B-00C04F79EFBC}") = "AMBarcodeScanner", "AMBarcodeScanner\AMBarcodeScanner\AMBarcodeScanner.csproj", "{BE1FBFF8-0737-4234-87A6-D78A68ADF8D8}"
EndProject
Project("{FAE04EC0-301F-11D3-BF4B-00C04F79EFBC}") = "AMBarcodeScanner.UWP", "AMBarcodeScanner\AMBarcodeScanner.UWP\AMBarcodeScanner.UWP.csproj", "{36A5FA46-7645-4C08-AB93-3264CA072078}"
EndProject
Project("{FAE04EC0-301F-11D3-BF4B-00C04F79EFBC}") = "AMBarcodeScanner.iOS", "AMBarcodeScanner\AMBarcodeScanner.iOS\AMBarcodeScanner.iOS.csproj", "{8C4231FE-284C-4D90-867D-14D023695716}"
EndProject
Global
	GlobalSection(SolutionConfigurationPlatforms) = preSolution
		Ad-Hoc|Any CPU = Ad-Hoc|Any CPU
		Ad-Hoc|ARM = Ad-Hoc|ARM
		Ad-Hoc|iPhone = Ad-Hoc|iPhone
		Ad-Hoc|iPhoneSimulator = Ad-Hoc|iPhoneSimulator
		Ad-Hoc|x64 = Ad-Hoc|x64
		Ad-Hoc|x86 = Ad-Hoc|x86
		AppStore|Any CPU = AppStore|Any CPU
		AppStore|ARM = AppStore|ARM
		AppStore|iPhone = AppStore|iPhone
		AppStore|iPhoneSimulator = AppStore|iPhoneSimulator
		AppStore|x64 = AppStore|x64
		AppStore|x86 = AppStore|x86
		Debug|Any CPU = Debug|Any CPU
		Debug|ARM = Debug|ARM
		Debug|iPhone = Debug|iPhone
		Debug|iPhoneSimulator = Debug|iPhoneSimulator
		Debug|x64 = Debug|x64
		Debug|x86 = Debug|x86
		Release|Any CPU = Release|Any CPU
		Release|ARM = Release|ARM
		Release|iPhone = Release|iPhone
		Release|iPhoneSimulator = Release|iPhoneSimulator
		Release|x64 = Release|x64
		Release|x86 = Release|x86
	EndGlobalSection
	GlobalSection(ProjectConfigurationPlatforms) = postSolution
		{7B35422A-8782-48BF-B2E6-9DC978E62592}.Ad-Hoc|Any CPU.ActiveCfg = Release|Any CPU
		{7B35422A-8782-48BF-B2E6-9DC978E62592}.Ad-Hoc|Any CPU.Build.0 = Release|Any CPU
		{7B35422A-8782-48BF-B2E6-9DC978E62592}.Ad-Hoc|Any CPU.Deploy.0 = Release|Any CPU
		{7B35422A-8782-48BF-B2E6-9DC978E62592}.Ad-Hoc|ARM.ActiveCfg = Release|Any CPU
		{7B35422A-8782-48BF-B2E6-9DC978E62592}.Ad-Hoc|ARM.Build.0 = Release|Any CPU
		{7B35422A-8782-48BF-B2E6-9DC978E62592}.Ad-Hoc|ARM.Deploy.0 = Release|Any CPU
		{7B35422A-8782-48BF-B2E6-9DC978E62592}.Ad-Hoc|iPhone.ActiveCfg = Release|Any CPU
		{7B35422A-8782-48BF-B2E6-9DC978E62592}.Ad-Hoc|iPhone.Build.0 = Release|Any CPU
		{7B35422A-8782-48BF-B2E6-9DC978E62592}.Ad-Hoc|iPhone.Deploy.0 = Release|Any CPU
		{7B35422A-8782-48BF-B2E6-9DC978E62592}.Ad-Hoc|iPhoneSimulator.ActiveCfg = Release|Any CPU
		{7B35422A-8782-48BF-B2E6-9DC978E62592}.Ad-Hoc|iPhoneSimulator.Build.0 = Release|Any CPU
		{7B35422A-8782-48BF-B2E6-9DC978E62592}.Ad-Hoc|iPhoneSimulator.Deploy.0 = Release|Any CPU
		{7B35422A-8782-48BF-B2E6-9DC978E62592}.Ad-Hoc|x64.ActiveCfg = Release|Any CPU
		{7B35422A-8782-48BF-B2E6-9DC978E62592}.Ad-Hoc|x64.Build.0 = Release|Any CPU
		{7B35422A-8782-48BF-B2E6-9DC978E62592}.Ad-Hoc|x64.Deploy.0 = Release|Any CPU
		{7B35422A-8782-48BF-B2E6-9DC978E62592}.Ad-Hoc|x86.ActiveCfg = Release|Any CPU
		{7B35422A-8782-48BF-B2E6-9DC978E62592}.Ad-Hoc|x86.Build.0 = Release|Any CPU
		{7B35422A-8782-48BF-B2E6-9DC978E62592}.Ad-Hoc|x86.Deploy.0 = Release|Any CPU
		{7B35422A-8782-48BF-B2E6-9DC978E62592}.AppStore|Any CPU.ActiveCfg = Release|Any CPU
		{7B35422A-8782-48BF-B2E6-9DC978E62592}.AppStore|Any CPU.Build.0 = Release|Any CPU
		{7B35422A-8782-48BF-B2E6-9DC978E62592}.AppStore|Any CPU.Deploy.0 = Release|Any CPU
		{7B35422A-8782-48BF-B2E6-9DC978E62592}.AppStore|ARM.ActiveCfg = Release|Any CPU
		{7B35422A-8782-48BF-B2E6-9DC978E62592}.AppStore|ARM.Build.0 = Release|Any CPU
		{7B35422A-8782-48BF-B2E6-9DC978E62592}.AppStore|ARM.Deploy.0 = Release|Any CPU
		{7B35422A-8782-48BF-B2E6-9DC978E62592}.AppStore|iPhone.ActiveCfg = Release|Any CPU
		{7B35422A-8782-48BF-B2E6-9DC978E62592}.AppStore|iPhone.Build.0 = Release|Any CPU
		{7B35422A-8782-48BF-B2E6-9DC978E62592}.AppStore|iPhone.Deploy.0 = Release|Any CPU
		{7B35422A-8782-48BF-B2E6-9DC978E62592}.AppStore|iPhoneSimulator.ActiveCfg = Release|Any CPU
		{7B35422A-8782-48BF-B2E6-9DC978E62592}.AppStore|iPhoneSimulator.Build.0 = Release|Any CPU
		{7B35422A-8782-48BF-B2E6-9DC978E62592}.AppStore|iPhoneSimulator.Deploy.0 = Release|Any CPU
		{7B35422A-8782-48BF-B2E6-9DC978E62592}.AppStore|x64.ActiveCfg = Release|Any CPU
		{7B35422A-8782-48BF-B2E6-9DC978E62592}.AppStore|x64.Build.0 = Release|Any CPU
		{7B35422A-8782-48BF-B2E6-9DC978E62592}.AppStore|x64.Deploy.0 = Release|Any CPU
		{7B35422A-8782-48BF-B2E6-9DC978E62592}.AppStore|x86.ActiveCfg = Release|Any CPU
		{7B35422A-8782-48BF-B2E6-9DC978E62592}.AppStore|x86.Build.0 = Release|Any CPU
		{7B35422A-8782-48BF-B2E6-9DC978E62592}.AppStore|x86.Deploy.0 = Release|Any CPU
		{7B35422A-8782-48BF-B2E6-9DC978E62592}.Debug|Any CPU.ActiveCfg = Debug|Any CPU
		{7B35422A-8782-48BF-B2E6-9DC978E62592}.Debug|Any CPU.Build.0 = Debug|Any CPU
		{7B35422A-8782-48BF-B2E6-9DC978E62592}.Debug|Any CPU.Deploy.0 = Debug|Any CPU
		{7B35422A-8782-48BF-B2E6-9DC978E62592}.Debug|ARM.ActiveCfg = Debug|Any CPU
		{7B35422A-8782-48BF-B2E6-9DC978E62592}.Debug|ARM.Build.0 = Debug|Any CPU
		{7B35422A-8782-48BF-B2E6-9DC978E62592}.Debug|ARM.Deploy.0 = Debug|Any CPU
		{7B35422A-8782-48BF-B2E6-9DC978E62592}.Debug|iPhone.ActiveCfg = Debug|Any CPU
		{7B35422A-8782-48BF-B2E6-9DC978E62592}.Debug|iPhone.Build.0 = Debug|Any CPU
		{7B35422A-8782-48BF-B2E6-9DC978E62592}.Debug|iPhone.Deploy.0 = Debug|Any CPU
		{7B35422A-8782-48BF-B2E6-9DC978E62592}.Debug|iPhoneSimulator.ActiveCfg = Debug|Any CPU
		{7B35422A-8782-48BF-B2E6-9DC978E62592}.Debug|iPhoneSimulator.Build.0 = Debug|Any CPU
		{7B35422A-8782-48BF-B2E6-9DC978E62592}.Debug|iPhoneSimulator.Deploy.0 = Debug|Any CPU
		{7B35422A-8782-48BF-B2E6-9DC978E62592}.Debug|x64.ActiveCfg = Debug|Any CPU
		{7B35422A-8782-48BF-B2E6-9DC978E62592}.Debug|x64.Build.0 = Debug|Any CPU
		{7B35422A-8782-48BF-B2E6-9DC978E62592}.Debug|x64.Deploy.0 = Debug|Any CPU
		{7B35422A-8782-48BF-B2E6-9DC978E62592}.Debug|x86.ActiveCfg = Debug|Any CPU
		{7B35422A-8782-48BF-B2E6-9DC978E62592}.Debug|x86.Build.0 = Debug|Any CPU
		{7B35422A-8782-48BF-B2E6-9DC978E62592}.Debug|x86.Deploy.0 = Debug|Any CPU
		{7B35422A-8782-48BF-B2E6-9DC978E62592}.Release|Any CPU.ActiveCfg = Release|Any CPU
		{7B35422A-8782-48BF-B2E6-9DC978E62592}.Release|Any CPU.Build.0 = Release|Any CPU
		{7B35422A-8782-48BF-B2E6-9DC978E62592}.Release|Any CPU.Deploy.0 = Release|Any CPU
		{7B35422A-8782-48BF-B2E6-9DC978E62592}.Release|ARM.ActiveCfg = Release|Any CPU
		{7B35422A-8782-48BF-B2E6-9DC978E62592}.Release|ARM.Build.0 = Release|Any CPU
		{7B35422A-8782-48BF-B2E6-9DC978E62592}.Release|ARM.Deploy.0 = Release|Any CPU
		{7B35422A-8782-48BF-B2E6-9DC978E62592}.Release|iPhone.ActiveCfg = Release|Any CPU
		{7B35422A-8782-48BF-B2E6-9DC978E62592}.Release|iPhone.Build.0 = Release|Any CPU
		{7B35422A-8782-48BF-B2E6-9DC978E62592}.Release|iPhone.Deploy.0 = Release|Any CPU
		{7B35422A-8782-48BF-B2E6-9DC978E62592}.Release|iPhoneSimulator.ActiveCfg = Release|Any CPU
		{7B35422A-8782-48BF-B2E6-9DC978E62592}.Release|iPhoneSimulator.Build.0 = Release|Any CPU
		{7B35422A-8782-48BF-B2E6-9DC978E62592}.Release|iPhoneSimulator.Deploy.0 = Release|Any CPU
		{7B35422A-8782-48BF-B2E6-9DC978E62592}.Release|x64.ActiveCfg = Release|Any CPU
		{7B35422A-8782-48BF-B2E6-9DC978E62592}.Release|x64.Build.0 = Release|Any CPU
		{7B35422A-8782-48BF-B2E6-9DC978E62592}.Release|x64.Deploy.0 = Release|Any CPU
		{7B35422A-8782-48BF-B2E6-9DC978E62592}.Release|x86.ActiveCfg = Release|Any CPU
		{7B35422A-8782-48BF-B2E6-9DC978E62592}.Release|x86.Build.0 = Release|Any CPU
		{7B35422A-8782-48BF-B2E6-9DC978E62592}.Release|x86.Deploy.0 = Release|Any CPU
		{BE1FBFF8-0737-4234-87A6-D78A68ADF8D8}.Ad-Hoc|Any CPU.ActiveCfg = Release|Any CPU
		{BE1FBFF8-0737-4234-87A6-D78A68ADF8D8}.Ad-Hoc|Any CPU.Build.0 = Release|Any CPU
		{BE1FBFF8-0737-4234-87A6-D78A68ADF8D8}.Ad-Hoc|ARM.ActiveCfg = Release|Any CPU
		{BE1FBFF8-0737-4234-87A6-D78A68ADF8D8}.Ad-Hoc|ARM.Build.0 = Release|Any CPU
		{BE1FBFF8-0737-4234-87A6-D78A68ADF8D8}.Ad-Hoc|iPhone.ActiveCfg = Release|Any CPU
		{BE1FBFF8-0737-4234-87A6-D78A68ADF8D8}.Ad-Hoc|iPhone.Build.0 = Release|Any CPU
		{BE1FBFF8-0737-4234-87A6-D78A68ADF8D8}.Ad-Hoc|iPhoneSimulator.ActiveCfg = Release|Any CPU
		{BE1FBFF8-0737-4234-87A6-D78A68ADF8D8}.Ad-Hoc|iPhoneSimulator.Build.0 = Release|Any CPU
		{BE1FBFF8-0737-4234-87A6-D78A68ADF8D8}.Ad-Hoc|x64.ActiveCfg = Release|Any CPU
		{BE1FBFF8-0737-4234-87A6-D78A68ADF8D8}.Ad-Hoc|x64.Build.0 = Release|Any CPU
		{BE1FBFF8-0737-4234-87A6-D78A68ADF8D8}.Ad-Hoc|x86.ActiveCfg = Release|Any CPU
		{BE1FBFF8-0737-4234-87A6-D78A68ADF8D8}.Ad-Hoc|x86.Build.0 = Release|Any CPU
		{BE1FBFF8-0737-4234-87A6-D78A68ADF8D8}.AppStore|Any CPU.ActiveCfg = Release|Any CPU
		{BE1FBFF8-0737-4234-87A6-D78A68ADF8D8}.AppStore|Any CPU.Build.0 = Release|Any CPU
		{BE1FBFF8-0737-4234-87A6-D78A68ADF8D8}.AppStore|ARM.ActiveCfg = Release|Any CPU
		{BE1FBFF8-0737-4234-87A6-D78A68ADF8D8}.AppStore|ARM.Build.0 = Release|Any CPU
		{BE1FBFF8-0737-4234-87A6-D78A68ADF8D8}.AppStore|iPhone.ActiveCfg = Release|Any CPU
		{BE1FBFF8-0737-4234-87A6-D78A68ADF8D8}.AppStore|iPhone.Build.0 = Release|Any CPU
		{BE1FBFF8-0737-4234-87A6-D78A68ADF8D8}.AppStore|iPhoneSimulator.ActiveCfg = Release|Any CPU
		{BE1FBFF8-0737-4234-87A6-D78A68ADF8D8}.AppStore|iPhoneSimulator.Build.0 = Release|Any CPU
		{BE1FBFF8-0737-4234-87A6-D78A68ADF8D8}.AppStore|x64.ActiveCfg = Release|Any CPU
		{BE1FBFF8-0737-4234-87A6-D78A68ADF8D8}.AppStore|x64.Build.0 = Release|Any CPU
		{BE1FBFF8-0737-4234-87A6-D78A68ADF8D8}.AppStore|x86.ActiveCfg = Release|Any CPU
		{BE1FBFF8-0737-4234-87A6-D78A68ADF8D8}.AppStore|x86.Build.0 = Release|Any CPU
		{BE1FBFF8-0737-4234-87A6-D78A68ADF8D8}.Debug|Any CPU.ActiveCfg = Debug|Any CPU
		{BE1FBFF8-0737-4234-87A6-D78A68ADF8D8}.Debug|Any CPU.Build.0 = Debug|Any CPU
		{BE1FBFF8-0737-4234-87A6-D78A68ADF8D8}.Debug|ARM.ActiveCfg = Debug|Any CPU
		{BE1FBFF8-0737-4234-87A6-D78A68ADF8D8}.Debug|ARM.Build.0 = Debug|Any CPU
		{BE1FBFF8-0737-4234-87A6-D78A68ADF8D8}.Debug|iPhone.ActiveCfg = Debug|Any CPU
		{BE1FBFF8-0737-4234-87A6-D78A68ADF8D8}.Debug|iPhone.Build.0 = Debug|Any CPU
		{BE1FBFF8-0737-4234-87A6-D78A68ADF8D8}.Debug|iPhoneSimulator.ActiveCfg = Debug|Any CPU
		{BE1FBFF8-0737-4234-87A6-D78A68ADF8D8}.Debug|iPhoneSimulator.Build.0 = Debug|Any CPU
		{BE1FBFF8-0737-4234-87A6-D78A68ADF8D8}.Debug|x64.ActiveCfg = Debug|Any CPU
		{BE1FBFF8-0737-4234-87A6-D78A68ADF8D8}.Debug|x64.Build.0 = Debug|Any CPU
		{BE1FBFF8-0737-4234-87A6-D78A68ADF8D8}.Debug|x86.ActiveCfg = Debug|Any CPU
		{BE1FBFF8-0737-4234-87A6-D78A68ADF8D8}.Debug|x86.Build.0 = Debug|Any CPU
		{BE1FBFF8-0737-4234-87A6-D78A68ADF8D8}.Release|Any CPU.ActiveCfg = Release|Any CPU
		{BE1FBFF8-0737-4234-87A6-D78A68ADF8D8}.Release|Any CPU.Build.0 = Release|Any CPU
		{BE1FBFF8-0737-4234-87A6-D78A68ADF8D8}.Release|ARM.ActiveCfg = Release|Any CPU
		{BE1FBFF8-0737-4234-87A6-D78A68ADF8D8}.Release|ARM.Build.0 = Release|Any CPU
		{BE1FBFF8-0737-4234-87A6-D78A68ADF8D8}.Release|iPhone.ActiveCfg = Release|Any CPU
		{BE1FBFF8-0737-4234-87A6-D78A68ADF8D8}.Release|iPhone.Build.0 = Release|Any CPU
		{BE1FBFF8-0737-4234-87A6-D78A68ADF8D8}.Release|iPhoneSimulator.ActiveCfg = Release|Any CPU
		{BE1FBFF8-0737-4234-87A6-D78A68ADF8D8}.Release|iPhoneSimulator.Build.0 = Release|Any CPU
		{BE1FBFF8-0737-4234-87A6-D78A68ADF8D8}.Release|x64.ActiveCfg = Release|Any CPU
		{BE1FBFF8-0737-4234-87A6-D78A68ADF8D8}.Release|x64.Build.0 = Release|Any CPU
		{BE1FBFF8-0737-4234-87A6-D78A68ADF8D8}.Release|x86.ActiveCfg = Release|Any CPU
		{BE1FBFF8-0737-4234-87A6-D78A68ADF8D8}.Release|x86.Build.0 = Release|Any CPU
		{36A5FA46-7645-4C08-AB93-3264CA072078}.Ad-Hoc|Any CPU.ActiveCfg = Release|x86
		{36A5FA46-7645-4C08-AB93-3264CA072078}.Ad-Hoc|Any CPU.Build.0 = Release|x86
		{36A5FA46-7645-4C08-AB93-3264CA072078}.Ad-Hoc|Any CPU.Deploy.0 = Release|x86
		{36A5FA46-7645-4C08-AB93-3264CA072078}.Ad-Hoc|ARM.ActiveCfg = Release|ARM
		{36A5FA46-7645-4C08-AB93-3264CA072078}.Ad-Hoc|ARM.Build.0 = Release|ARM
		{36A5FA46-7645-4C08-AB93-3264CA072078}.Ad-Hoc|ARM.Deploy.0 = Release|ARM
		{36A5FA46-7645-4C08-AB93-3264CA072078}.Ad-Hoc|iPhone.ActiveCfg = Release|x86
		{36A5FA46-7645-4C08-AB93-3264CA072078}.Ad-Hoc|iPhone.Build.0 = Release|x86
		{36A5FA46-7645-4C08-AB93-3264CA072078}.Ad-Hoc|iPhone.Deploy.0 = Release|x86
		{36A5FA46-7645-4C08-AB93-3264CA072078}.Ad-Hoc|iPhoneSimulator.ActiveCfg = Release|x86
		{36A5FA46-7645-4C08-AB93-3264CA072078}.Ad-Hoc|iPhoneSimulator.Build.0 = Release|x86
		{36A5FA46-7645-4C08-AB93-3264CA072078}.Ad-Hoc|iPhoneSimulator.Deploy.0 = Release|x86
		{36A5FA46-7645-4C08-AB93-3264CA072078}.Ad-Hoc|x64.ActiveCfg = Release|x64
		{36A5FA46-7645-4C08-AB93-3264CA072078}.Ad-Hoc|x64.Build.0 = Release|x64
		{36A5FA46-7645-4C08-AB93-3264CA072078}.Ad-Hoc|x64.Deploy.0 = Release|x64
		{36A5FA46-7645-4C08-AB93-3264CA072078}.Ad-Hoc|x86.ActiveCfg = Release|x86
		{36A5FA46-7645-4C08-AB93-3264CA072078}.Ad-Hoc|x86.Build.0 = Release|x86
		{36A5FA46-7645-4C08-AB93-3264CA072078}.Ad-Hoc|x86.Deploy.0 = Release|x86
		{36A5FA46-7645-4C08-AB93-3264CA072078}.AppStore|Any CPU.ActiveCfg = Release|x86
		{36A5FA46-7645-4C08-AB93-3264CA072078}.AppStore|Any CPU.Build.0 = Release|x86
		{36A5FA46-7645-4C08-AB93-3264CA072078}.AppStore|Any CPU.Deploy.0 = Release|x86
		{36A5FA46-7645-4C08-AB93-3264CA072078}.AppStore|ARM.ActiveCfg = Release|ARM
		{36A5FA46-7645-4C08-AB93-3264CA072078}.AppStore|ARM.Build.0 = Release|ARM
		{36A5FA46-7645-4C08-AB93-3264CA072078}.AppStore|ARM.Deploy.0 = Release|ARM
		{36A5FA46-7645-4C08-AB93-3264CA072078}.AppStore|iPhone.ActiveCfg = Release|x86
		{36A5FA46-7645-4C08-AB93-3264CA072078}.AppStore|iPhone.Build.0 = Release|x86
		{36A5FA46-7645-4C08-AB93-3264CA072078}.AppStore|iPhone.Deploy.0 = Release|x86
		{36A5FA46-7645-4C08-AB93-3264CA072078}.AppStore|iPhoneSimulator.ActiveCfg = Release|x86
		{36A5FA46-7645-4C08-AB93-3264CA072078}.AppStore|iPhoneSimulator.Build.0 = Release|x86
		{36A5FA46-7645-4C08-AB93-3264CA072078}.AppStore|iPhoneSimulator.Deploy.0 = Release|x86
		{36A5FA46-7645-4C08-AB93-3264CA072078}.AppStore|x64.ActiveCfg = Release|x64
		{36A5FA46-7645-4C08-AB93-3264CA072078}.AppStore|x64.Build.0 = Release|x64
		{36A5FA46-7645-4C08-AB93-3264CA072078}.AppStore|x64.Deploy.0 = Release|x64
		{36A5FA46-7645-4C08-AB93-3264CA072078}.AppStore|x86.ActiveCfg = Release|x86
		{36A5FA46-7645-4C08-AB93-3264CA072078}.AppStore|x86.Build.0 = Release|x86
		{36A5FA46-7645-4C08-AB93-3264CA072078}.AppStore|x86.Deploy.0 = Release|x86
		{36A5FA46-7645-4C08-AB93-3264CA072078}.Debug|Any CPU.ActiveCfg = Debug|x86
		{36A5FA46-7645-4C08-AB93-3264CA072078}.Debug|ARM.ActiveCfg = Debug|ARM
		{36A5FA46-7645-4C08-AB93-3264CA072078}.Debug|ARM.Build.0 = Debug|ARM
		{36A5FA46-7645-4C08-AB93-3264CA072078}.Debug|ARM.Deploy.0 = Debug|ARM
		{36A5FA46-7645-4C08-AB93-3264CA072078}.Debug|iPhone.ActiveCfg = Debug|x86
		{36A5FA46-7645-4C08-AB93-3264CA072078}.Debug|iPhoneSimulator.ActiveCfg = Debug|x86
		{36A5FA46-7645-4C08-AB93-3264CA072078}.Debug|x64.ActiveCfg = Debug|x64
		{36A5FA46-7645-4C08-AB93-3264CA072078}.Debug|x64.Build.0 = Debug|x64
		{36A5FA46-7645-4C08-AB93-3264CA072078}.Debug|x64.Deploy.0 = Debug|x64
		{36A5FA46-7645-4C08-AB93-3264CA072078}.Debug|x86.ActiveCfg = Debug|x86
		{36A5FA46-7645-4C08-AB93-3264CA072078}.Debug|x86.Build.0 = Debug|x86
		{36A5FA46-7645-4C08-AB93-3264CA072078}.Debug|x86.Deploy.0 = Debug|x86
		{36A5FA46-7645-4C08-AB93-3264CA072078}.Release|Any CPU.ActiveCfg = Release|x86
		{36A5FA46-7645-4C08-AB93-3264CA072078}.Release|ARM.ActiveCfg = Release|ARM
		{36A5FA46-7645-4C08-AB93-3264CA072078}.Release|ARM.Build.0 = Release|ARM
		{36A5FA46-7645-4C08-AB93-3264CA072078}.Release|ARM.Deploy.0 = Release|ARM
		{36A5FA46-7645-4C08-AB93-3264CA072078}.Release|iPhone.ActiveCfg = Release|x86
		{36A5FA46-7645-4C08-AB93-3264CA072078}.Release|iPhoneSimulator.ActiveCfg = Release|x86
		{36A5FA46-7645-4C08-AB93-3264CA072078}.Release|x64.ActiveCfg = Release|x64
		{36A5FA46-7645-4C08-AB93-3264CA072078}.Release|x64.Build.0 = Release|x64
		{36A5FA46-7645-4C08-AB93-3264CA072078}.Release|x64.Deploy.0 = Release|x64
		{36A5FA46-7645-4C08-AB93-3264CA072078}.Release|x86.ActiveCfg = Release|x86
		{36A5FA46-7645-4C08-AB93-3264CA072078}.Release|x86.Build.0 = Release|x86
		{36A5FA46-7645-4C08-AB93-3264CA072078}.Release|x86.Deploy.0 = Release|x86
		{8C4231FE-284C-4D90-867D-14D023695716}.Ad-Hoc|Any CPU.ActiveCfg = Ad-Hoc|iPhoneSimulator
		{8C4231FE-284C-4D90-867D-14D023695716}.Ad-Hoc|ARM.ActiveCfg = Ad-Hoc|iPhone
		{8C4231FE-284C-4D90-867D-14D023695716}.Ad-Hoc|iPhone.ActiveCfg = Ad-Hoc|iPhone
		{8C4231FE-284C-4D90-867D-14D023695716}.Ad-Hoc|iPhone.Build.0 = Ad-Hoc|iPhone
		{8C4231FE-284C-4D90-867D-14D023695716}.Ad-Hoc|iPhoneSimulator.ActiveCfg = Ad-Hoc|iPhoneSimulator
		{8C4231FE-284C-4D90-867D-14D023695716}.Ad-Hoc|iPhoneSimulator.Build.0 = Ad-Hoc|iPhoneSimulator
		{8C4231FE-284C-4D90-867D-14D023695716}.Ad-Hoc|x64.ActiveCfg = Ad-Hoc|iPhone
		{8C4231FE-284C-4D90-867D-14D023695716}.Ad-Hoc|x86.ActiveCfg = Ad-Hoc|iPhone
		{8C4231FE-284C-4D90-867D-14D023695716}.AppStore|Any CPU.ActiveCfg = AppStore|iPhoneSimulator
		{8C4231FE-284C-4D90-867D-14D023695716}.AppStore|ARM.ActiveCfg = AppStore|iPhone
		{8C4231FE-284C-4D90-867D-14D023695716}.AppStore|iPhone.ActiveCfg = AppStore|iPhone
		{8C4231FE-284C-4D90-867D-14D023695716}.AppStore|iPhone.Build.0 = AppStore|iPhone
		{8C4231FE-284C-4D90-867D-14D023695716}.AppStore|iPhoneSimulator.ActiveCfg = AppStore|iPhoneSimulator
		{8C4231FE-284C-4D90-867D-14D023695716}.AppStore|iPhoneSimulator.Build.0 = AppStore|iPhoneSimulator
		{8C4231FE-284C-4D90-867D-14D023695716}.AppStore|x64.ActiveCfg = AppStore|iPhone
		{8C4231FE-284C-4D90-867D-14D023695716}.AppStore|x86.ActiveCfg = AppStore|iPhone
		{8C4231FE-284C-4D90-867D-14D023695716}.Debug|Any CPU.ActiveCfg = Debug|iPhoneSimulator
		{8C4231FE-284C-4D90-867D-14D023695716}.Debug|ARM.ActiveCfg = Debug|iPhone
		{8C4231FE-284C-4D90-867D-14D023695716}.Debug|iPhone.ActiveCfg = Debug|iPhone
		{8C4231FE-284C-4D90-867D-14D023695716}.Debug|iPhone.Build.0 = Debug|iPhone
		{8C4231FE-284C-4D90-867D-14D023695716}.Debug|iPhoneSimulator.ActiveCfg = Debug|iPhoneSimulator
		{8C4231FE-284C-4D90-867D-14D023695716}.Debug|iPhoneSimulator.Build.0 = Debug|iPhoneSimulator
		{8C4231FE-284C-4D90-867D-14D023695716}.Debug|x64.ActiveCfg = Debug|iPhone
		{8C4231FE-284C-4D90-867D-14D023695716}.Debug|x86.ActiveCfg = Debug|iPhone
		{8C4231FE-284C-4D90-867D-14D023695716}.Release|Any CPU.ActiveCfg = Release|iPhoneSimulator
		{8C4231FE-284C-4D90-867D-14D023695716}.Release|ARM.ActiveCfg = Release|iPhone
		{8C4231FE-284C-4D90-867D-14D023695716}.Release|iPhone.ActiveCfg = Release|iPhone
		{8C4231FE-284C-4D90-867D-14D023695716}.Release|iPhone.Build.0 = Release|iPhone
		{8C4231FE-284C-4D90-867D-14D023695716}.Release|iPhoneSimulator.ActiveCfg = Release|iPhoneSimulator
		{8C4231FE-284C-4D90-867D-14D023695716}.Release|iPhoneSimulator.Build.0 = Release|iPhoneSimulator
		{8C4231FE-284C-4D90-867D-14D023695716}.Release|x64.ActiveCfg = Release|iPhone
		{8C4231FE-284C-4D90-867D-14D023695716}.Release|x86.ActiveCfg = Release|iPhone
	EndGlobalSection
	GlobalSection(SolutionProperties) = preSolution
		HideSolutionNode = FALSE
	EndGlobalSection
	GlobalSection(ExtensibilityGlobals) = postSolution
		SolutionGuid = {5F4BD6E7-84FD-4562-97C2-18AF96B25E3A}
	EndGlobalSection
EndGlobal
